// !$*UTF8*$!
{
	archiveVersion = 1;
	classes = {
	};
	objectVersion = 46;
	objects = {

/* Begin PBXBuildFile section */
		6B19256A21A6B5E10036204D /* main.cpp in Sources */ = {isa = PBXBuildFile; fileRef = 6B19256921A6B5E10036204D /* main.cpp */; };
		6B19257221A6B5EB0036204D /* GLUT.framework in Frameworks */ = {isa = PBXBuildFile; fileRef = 6B19257121A6B5EB0036204D /* GLUT.framework */; };
		6B19257421A6B5F20036204D /* OpenGL.framework in Frameworks */ = {isa = PBXBuildFile; fileRef = 6B19257321A6B5F20036204D /* OpenGL.framework */; };
/* End PBXBuildFile section */

/* Begin PBXCopyFilesBuildPhase section */
		6B19256421A6B5E10036204D /* CopyFiles */ = {
			isa = PBXCopyFilesBuildPhase;
			buildActionMask = 2147483647;
			dstPath = /usr/share/man/man1/;
			dstSubfolderSpec = 0;
			files = (
			);
			runOnlyForDeploymentPostprocessing = 1;
		};
/* End PBXCopyFilesBuildPhase section */

/* Begin PBXFileReference section */
		6B19256621A6B5E10036204D /* RayCasting */ = {isa = PBXFileReference; explicitFileType = "compiled.mach-o.executable"; includeInIndex = 0; path = RayCasting; sourceTree = BUILT_PRODUCTS_DIR; };
		6B19256921A6B5E10036204D /* main.cpp */ = {isa = PBXFileReference; lastKnownFileType = sourcecode.cpp.cpp; path = main.cpp; sourceTree = "<group>"; };
		6B19257121A6B5EB0036204D /* GLUT.framework */ = {isa = PBXFileReference; lastKnownFileType = wrapper.framework; name = GLUT.framework; path = System/Library/Frameworks/GLUT.framework; sourceTree = SDKROOT; };
		6B19257321A6B5F20036204D /* OpenGL.framework */ = {isa = PBXFileReference; lastKnownFileType = wrapper.framework; name = OpenGL.framework; path = System/Library/Frameworks/OpenGL.framework; sourceTree = SDKROOT; };
		6BBEAF5021B8387B0073F338 /* vec3.h */ = {isa = PBXFileReference; fileEncoding = 4; lastKnownFileType = sourcecode.c.h; path = vec3.h; sourceTree = "<group>"; };
		6BBEAF5121B8387B0073F338 /* vec2.h */ = {isa = PBXFileReference; fileEncoding = 4; lastKnownFileType = sourcecode.c.h; path = vec2.h; sourceTree = "<group>"; };
		6BBEAF5221B8387B0073F338 /* mat4x4.h */ = {isa = PBXFileReference; fileEncoding = 4; lastKnownFileType = sourcecode.c.h; path = mat4x4.h; sourceTree = "<group>"; };
		6BBEAF5321B8387B0073F338 /* vec4.h */ = {isa = PBXFileReference; fileEncoding = 4; lastKnownFileType = sourcecode.c.h; path = vec4.h; sourceTree = "<group>"; };
/* End PBXFileReference section */

/* Begin PBXFrameworksBuildPhase section */
		6B19256321A6B5E10036204D /* Frameworks */ = {
			isa = PBXFrameworksBuildPhase;
			buildActionMask = 2147483647;
			files = (
				6B19257421A6B5F20036204D /* OpenGL.framework in Frameworks */,
				6B19257221A6B5EB0036204D /* GLUT.framework in Frameworks */,
			);
			runOnlyForDeploymentPostprocessing = 0;
		};
/* End PBXFrameworksBuildPhase section */

/* Begin PBXGroup section */
		6B19255D21A6B5E10036204D = {
			isa = PBXGroup;
			children = (
				6B19256821A6B5E10036204D /* RayCasting */,
				6B19256721A6B5E10036204D /* Products */,
				6B19257021A6B5EB0036204D /* Frameworks */,
			);
			sourceTree = "<group>";
		};
		6B19256721A6B5E10036204D /* Products */ = {
			isa = PBXGroup;
			children = (
				6B19256621A6B5E10036204D /* RayCasting */,
			);
			name = Products;
			sourceTree = "<group>";
		};
		6B19256821A6B5E10036204D /* RayCasting */ = {
			isa = PBXGroup;
			children = (
				6BBEAF5021B8387B0073F338 /* vec3.h */,
				6BBEAF5121B8387B0073F338 /* vec2.h */,
				6BBEAF5221B8387B0073F338 /* mat4x4.h */,
				6BBEAF5321B8387B0073F338 /* vec4.h */,
				6B19256921A6B5E10036204D /* main.cpp */,
			);
			path = RayCasting;
			sourceTree = "<group>";
		};
		6B19257021A6B5EB0036204D /* Frameworks */ = {
			isa = PBXGroup;
			children = (
				6B19257321A6B5F20036204D /* OpenGL.framework */,
				6B19257121A6B5EB0036204D /* GLUT.framework */,
			);
			name = Frameworks;
			sourceTree = "<group>";
		};
/* End PBXGroup section */

/* Begin PBXNativeTarget section */
		6B19256521A6B5E10036204D /* RayCasting */ = {
			isa = PBXNativeTarget;
			buildConfigurationList = 6B19256D21A6B5E10036204D /* Build configuration list for PBXNativeTarget "RayCasting" */;
			buildPhases = (
				6B19256221A6B5E10036204D /* Sources */,
				6B19256321A6B5E10036204D /* Frameworks */,
				6B19256421A6B5E10036204D /* CopyFiles */,
			);
			buildRules = (
			);
			dependencies = (
			);
			name = RayCasting;
			productName = RayCasting;
			productReference = 6B19256621A6B5E10036204D /* RayCasting */;
			productType = "com.apple.product-type.tool";
		};
/* End PBXNativeTarget section */

/* Begin PBXProject section */
		6B19255E21A6B5E10036204D /* Project object */ = {
			isa = PBXProject;
			attributes = {
				LastUpgradeCheck = 0830;
				ORGANIZATIONNAME = "William deBruynKops";
				TargetAttributes = {
					6B19256521A6B5E10036204D = {
						CreatedOnToolsVersion = 8.3.3;
						ProvisioningStyle = Automatic;
					};
				};
			};
			buildConfigurationList = 6B19256121A6B5E10036204D /* Build configuration list for PBXProject "RayCasting" */;
			compatibilityVersion = "Xcode 3.2";
			developmentRegion = English;
			hasScannedForEncodings = 0;
			knownRegions = (
				en,
			);
			mainGroup = 6B19255D21A6B5E10036204D;
			productRefGroup = 6B19256721A6B5E10036204D /* Products */;
			projectDirPath = "";
			projectRoot = "";
			targets = (
				6B19256521A6B5E10036204D /* RayCasting */,
			);
		};
/* End PBXProject section */

/* Begin PBXSourcesBuildPhase section */
		6B19256221A6B5E10036204D /* Sources */ = {
			isa = PBXSourcesBuildPhase;
			buildActionMask = 2147483647;
			files = (
				6B19256A21A6B5E10036204D /* main.cpp in Sources */,
			);
			runOnlyForDeploymentPostprocessing = 0;
		};
/* End PBXSourcesBuildPhase section */

/* Begin XCBuildConfiguration section */
		6B19256B21A6B5E10036204D /* Debug */ = {
			isa = XCBuildConfiguration;
			buildSettings = {
				ALWAYS_SEARCH_USER_PATHS = NO;
				CLANG_ANALYZER_NONNULL = YES;
				CLANG_ANALYZER_NUMBER_OBJECT_CONVERSION = YES_AGGRESSIVE;
				CLANG_CXX_LANGUAGE_STANDARD = "gnu++0x";
				CLANG_CXX_LIBRARY = "libc++";
				CLANG_ENABLE_MODULES = YES;
				CLANG_ENABLE_OBJC_ARC = YES;
				CLANG_WARN_BOOL_CONVERSION = YES;
				CLANG_WARN_CONSTANT_CONVERSION = YES;
				CLANG_WARN_DIRECT_OBJC_ISA_USAGE = YES_ERROR;
				CLANG_WARN_DOCUMENTATION_COMMENTS = YES;
				CLANG_WARN_EMPTY_BODY = YES;
				CLANG_WARN_ENUM_CONVERSION = YES;
				CLANG_WARN_INFINITE_RECURSION = YES;
				CLANG_WARN_INT_CONVERSION = YES;
				CLANG_WARN_OBJC_ROOT_CLASS = YES_ERROR;
				CLANG_WARN_SUSPICIOUS_MOVE = YES;
				CLANG_WARN_UNREACHABLE_CODE = YES;
				CLANG_WARN__DUPLICATE_METHOD_MATCH = YES;
				CODE_SIGN_IDENTITY = "-";
				COPY_PHASE_STRIP = NO;
				DEBUG_INFORMATION_FORMAT = dwarf;
				ENABLE_STRICT_OBJC_MSGSEND = YES;
				ENABLE_TESTABILITY = YES;
				GCC_C_LANGUAGE_STANDARD = gnu99;
				GCC_DYNAMIC_NO_PIC = NO;
				GCC_NO_COMMON_BLOCKS = YES;
				GCC_OPTIMIZATION_LEVEL = 0;
				GCC_PREPROCESSOR_DEFINITIONS = (
					"DEBUG=1",
					"$(inherited)",
				);
				GCC_WARN_64_TO_32_BIT_CONVERSION = YES;
				GCC_WARN_ABOUT_RETURN_TYPE = YES_ERROR;
				GCC_WARN_UNDECLARED_SELECTOR = YES;
				GCC_WARN_UNINITIALIZED_AUTOS = YES_AGGRESSIVE;
				GCC_WARN_UNUSED_FUNCTION = YES;
				GCC_WARN_UNUSED_VARIABLE = YES;
				MACOSX_DEPLOYMENT_TARGET = 10.12;
				MTL_ENABLE_DEBUG_INFO = YES;
				ONLY_ACTIVE_ARCH = YES;
				SDKROOT = macosx;
			};
			name = Debug;
		};
		6B19256C21A6B5E10036204D /* Release */ = {
			isa = XCBuildConfiguration;
			buildSettings = {
				ALWAYS_SEARCH_USER_PATHS = NO;
				CLANG_ANALYZER_NONNULL = YES;
				CLANG_ANALYZER_NUMBER_OBJECT_CONVERSION = YES_AGGRESSIVE;
				CLANG_CXX_LANGUAGE_STANDARD = "gnu++0x";
				CLANG_CXX_LIBRARY = "libc++";
				CLANG_ENABLE_MODULES = YES;
				CLANG_ENABLE_OBJC_ARC = YES;
				CLANG_WARN_BOOL_CONVERSION = YES;
				CLANG_WARN_CONSTANT_CONVERSION = YES;
				CLANG_WARN_DIRECT_OBJC_ISA_USAGE = YES_ERROR;
				CLANG_WARN_DOCUMENTATION_COMMENTS = YES;
				CLANG_WARN_EMPTY_BODY = YES;
				CLANG_WARN_ENUM_CONVERSION = YES;
				CLANG_WARN_INFINITE_RECURSION = YES;
				CLANG_WARN_INT_CONVERSION = YES;
				CLANG_WARN_OBJC_ROOT_CLASS = YES_ERROR;
				CLANG_WARN_SUSPICIOUS_MOVE = YES;
				CLANG_WARN_UNREACHABLE_CODE = YES;
				CLANG_WARN__DUPLICATE_METHOD_MATCH = YES;
				CODE_SIGN_IDENTITY = "-";
				COPY_PHASE_STRIP = NO;
				DEBUG_INFORMATION_FORMAT = "dwarf-with-dsym";
				ENABLE_NS_ASSERTIONS = NO;
				ENABLE_STRICT_OBJC_MSGSEND = YES;
				GCC_C_LANGUAGE_STANDARD = gnu99;
				GCC_NO_COMMON_BLOCKS = YES;
				GCC_WARN_64_TO_32_BIT_CONVERSION = YES;
				GCC_WARN_ABOUT_RETURN_TYPE = YES_ERROR;
				GCC_WARN_UNDECLARED_SELECTOR = YES;
				GCC_WARN_UNINITIALIZED_AUTOS = YES_AGGRESSIVE;
				GCC_WARN_UNUSED_FUNCTION = YES;
				GCC_WARN_UNUSED_VARIABLE = YES;
				MACOSX_DEPLOYMENT_TARGET = 10.12;
				MTL_ENABLE_DEBUG_INFO = NO;
				SDKROOT = macosx;
			};
			name = Release;
		};
		6B19256E21A6B5E10036204D /* Debug */ = {
			isa = XCBuildConfiguration;
			buildSettings = {
				PRODUCT_NAME = "$(TARGET_NAME)";
			};
			name = Debug;
		};
		6B19256F21A6B5E10036204D /* Release */ = {
			isa = XCBuildConfiguration;
			buildSettings = {
				PRODUCT_NAME = "$(TARGET_NAME)";
			};
			name = Release;
		};
/* End XCBuildConfiguration section */

/* Begin XCConfigurationList section */
		6B19256121A6B5E10036204D /* Build configuration list for PBXProject "RayCasting" */ = {
			isa = XCConfigurationList;
			buildConfigurations = (
				6B19256B21A6B5E10036204D /* Debug */,
				6B19256C21A6B5E10036204D /* Release */,
			);
			defaultConfigurationIsVisible = 0;
			defaultConfigurationName = Release;
		};
		6B19256D21A6B5E10036204D /* Build configuration list for PBXNativeTarget "RayCasting" */ = {
			isa = XCConfigurationList;
			buildConfigurations = (
				6B19256E21A6B5E10036204D /* Debug */,
				6B19256F21A6B5E10036204D /* Release */,
			);
			defaultConfigurationIsVisible = 0;
			defaultConfigurationName = Release;
		};
/* End XCConfigurationList section */
	};
	rootObject = 6B19255E21A6B5E10036204D /* Project object */;
}
